
Microsoft Visual Studio Solution File, Format Version 12.00
# Visual Studio Version 17
VisualStudioVersion = 17.2.32630.192
MinimumVisualStudioVersion = 10.0.40219.1
Project("{FAE04EC0-301F-11D3-BF4B-00C04F79EFBC}") = "Cookies", "Cookies\Cookies.csproj", "{2E9E86C4-126B-4885-8871-409B0F61C0F8}"
EndProject
Global
	GlobalSection(SolutionConfigurationPlatforms) = preSolution
		Debug|Any CPU = Debug|Any CPU
		Release|Any CPU = Release|Any CPU
	EndGlobalSection
	GlobalSection(ProjectConfigurationPlatforms) = postSolution
		{2E9E86C4-126B-4885-8871-409B0F61C0F8}.Debug|Any CPU.ActiveCfg = Debug|Any CPU
		{2E9E86C4-126B-4885-8871-409B0F61C0F8}.Debug|Any CPU.Build.0 = Debug|Any CPU
		{2E9E86C4-126B-4885-8871-409B0F61C0F8}.Release|Any CPU.ActiveCfg = Release|Any CPU
		{2E9E86C4-126B-4885-8871-409B0F61C0F8}.Release|Any CPU.Build.0 = Release|Any CPU
	EndGlobalSection
	GlobalSection(SolutionProperties) = preSolution
		HideSolutionNode = FALSE
	EndGlobalSection
	GlobalSection(ExtensibilityGlobals) = postSolution
		SolutionGuid = {2810829F-6329-4D96-B147-9D16614379FE}
	EndGlobalSection
EndGlobal
